aiohappyeyeballs==2.7.1 --hash=sha256:9243213661e29250eb41368e5daa826fc017156c3b8a11440826b2e3ed376472
aiohttp==3.14.3 --hash=sha256:53e7b4ce82b54a8bcc71b3b67a5cbd177ca1d7f592cbc92cd38b7349f73482db
aiosignal==1.4.0 --hash=sha256:053243f8b92b990551949e63930a839ff0cf0b0ebbe0597b0f3fb19e1a0fe82e
annotated-doc==0.0.5 --hash=sha256:117bac03a25ede5df5440e855b32d556049ca169ead221505badf432fed4b101
annotated-types==0.8.0 --hash=sha256:f072f4d804ea359e4eaf198b1af7a8b0943881a87f31bb764f8bf219bb9419e0
anthropic==0.71.0 --hash=sha256:85c5015fcdbdc728390f11b17642a65a4365d03b12b799b18b6cc57e71fdb327
anyio==4.14.2 --hash=sha256:9f505dda5ac9f0c8309b5e8bd445a8c2bf7246f3ce950121e45ea15bc41d1494
apache-tvm-ffi==0.1.13.post3 --hash=sha256:b2c9be6c2422423d11e0e9ba2883f8fb35ae5d568d329b3cf5df5fee2b64d19f
astor==0.8.1 --hash=sha256:070a54e890cefb5b3739d19f30f5a5ec840ffc9c50ffa7d23cc9fc1a38ebbfc5
attrs==26.1.0 --hash=sha256:c647aa4a12dfbad9333ca4e71fe62ddc36f4e63b2d260a37a8b83d2f043ac309
blake3==1.0.9 --hash=sha256:964b642631a3c8fe117b3439c8ae64a9a0981af9444e409656d1f1e464bfa125
build==1.5.0 --hash=sha256:13f3eecb844759ab66efec90ca17639bbf14dc06cb2fdf37a9010322d9c50a6f
cachetools==7.1.7 --hash=sha256:ef98ef375ad188819ef2f9b3645e3987f4b8c5b7550e436ad998c2de78296df0
cbor2==6.1.4 --hash=sha256:c204a75f91f8cd9ed0881f6b88ec395c59aeac9fcf4d08155e7f899db2a1c46e
certifi==2026.7.22 --hash=sha256:62f22742b58a1a33014a2b6b706588a8d7e2a88ae7bd1a6ebe8c992928483775
cffi==2.1.1 --hash=sha256:34e261f78cb6ceaaa36f42f2613f4380d94d9c759a9c73c769ee6e0247364632
charset-normalizer==3.5.1 --hash=sha256:c7b742bf31c88566b4bb6335a7f393bb322e580b6bb98df7bd0c25e6e3519ce8
click==8.4.2 --hash=sha256:e6f9f66136c816745b9d65817da91d61d957fb16e02e4dcd0552553c5a197b76
cloudpickle==3.1.2 --hash=sha256:9acb47f6afd73f60dc1df93bb801b472f05ff42fa6c84167d25cb206be1fbf4a
cmake==4.4.2 --hash=sha256:27b024e903ef985b37183d754a5c61230b56b41fe0971cd44b71b80c787ec594
compressed-tensors==0.12.2 --hash=sha256:e554ea761710ca2b0c0ea49276a4ef8e08658624f1591e6a7368817106b48fbe
cryptography==50.0.0 --hash=sha256:82148ec5bddac30b51a5b3c1945075f896fa022cb93f8e4a01e9f6ee95292c5f
cuda-bindings==13.3.1 --hash=sha256:04436a9364059c84b8f9636f359eccda1cf814341f5b670c71d80d2f79dbc708
cuda-core==1.0.1 --hash=sha256:1934517ff8a9dcd21b3f4a28e15e12643164b7d3ec187a4ee7560e22fd2dfc17
cuda-pathfinder==1.6.1 --hash=sha256:cc8ec4cb0881fa5bcbf96b6dd75d50e55352b74dd33d4f3d884e192e7c2b6ef8
cuda-python==13.3.1 --hash=sha256:280b014139ab447b6dd70a377db1596f310d6e887d9d342e6651b919ec145fb3
cupy-cuda12x==14.2.0 --hash=sha256:5fe2366cc5c61a7ee4a527ce1e8951cb89092d0fb0b5830623cf114d1942c585
depyf==0.20.0 --hash=sha256:d31effad4261cebecb58955d832e448ace88f432328f95f82fd99c30fd9308d4
detect-installer==0.1.0 --hash=sha256:034fb20fd665c36e6ba52b8821525ea07fb4f7f938cac459df889fb33801528a
dill==0.4.1 --hash=sha256:1e1ce33e978ae97fcfcff5638477032b801c46c7c65cf717f95fbc2248f79a9d
diskcache==5.6.3 --hash=sha256:5e31b2d5fbad117cc363ebaf6b689474db18a1f6438bc82358b024abd4c2ca19
distro==1.9.0 --hash=sha256:7bffd925d65168f85027d8da9af6bddab658135b840670a223589bc0c8ef02b2
dnspython==2.8.0 --hash=sha256:01d9bbc4a2d76bf0db7c1f729812ded6d912bd318d3b1cf81d30c0f845dbf3af
docstring-parser==0.18.0 --hash=sha256:b3fcbed555c47d8479be0796ef7e19c2670d428d72e96da63f3a40122860374b
einops==0.8.2 --hash=sha256:54058201ac7087911181bfec4af6091bb59380360f069276601256a76af08193
email-validator==2.3.0 --hash=sha256:80f13f623413e6b197ae73bb10bf4eb0908faf509ad8362c5edeb0be7fd450b4
fastapi==0.141.1 --hash=sha256:bfb91aa2d334c61cb35ba9a116fc123b3d3df31640b801cf57a7a78ec3f603b3
fastapi-cli==0.0.32 --hash=sha256:8dcc286fa32f01bbd3f65dd09cfd5a2540ed5f2230b77db7fd30978d6165f3c4
fastapi-cloud-cli==0.23.0 --hash=sha256:1cd2ffa56e92e92c1fc63acc426c214dd928cbeed2a4c7c6a9a5fc85ea73de16
fastar==0.12.0 --hash=sha256:471a2f3c7295c296252463ae2eadd87f258dec33a7fec053a553c90930e03392
filelock==3.32.3 --hash=sha256:7f0ca4bcc0e181c60dbbd8aa9ab5b120ebb99e4e064e83636340056f833a1f09
flashinfer-python==0.5.3 --hash=sha256:b601293b72f9138bad173edc28df84b9f239a013be974e2e79d4ba98aeb38cf5
frozenlist==1.8.0 --hash=sha256:2552f44204b744fba866e573be4c1f9048d6a324dfe14475103fd51613eb1d1f
fsspec==2026.7.0 --hash=sha256:b57ddbafedfaef7018c1ecab32aa200a9d7ca26b77965f64e48b70061249d279
gguf==0.19.0 --hash=sha256:70bcd10edfe697fb2dad6e40af2234b9d8ece9a41a99761405121ebda1c3c1cd
h11==0.16.0 --hash=sha256:63cf8bbe7522de3bf65932fda1d9c2772064ffb3dae62d55932da54b31cb6c86
hf-xet==1.6.0 --hash=sha256:d62671bb130879cef0ee4c9ebe47a14af6c66ec53e6d84dc15936e5ffdfac82f
httpcore==1.0.9 --hash=sha256:2d400746a40668fc9dec9810239072b40b4484b640a8c38fd654a024c7a1bf55
httpcore2==2.12.0 --hash=sha256:7e04258ce01013d7d615e5b910a3b27fac937d7a95038227e79652b4ba3b4ceb
httptools==0.8.0 --hash=sha256:57278e6fa0424c42a8a3e454828ab4f0aff27b40cddf9679579b98c6dce6a376
httpx==0.28.1 --hash=sha256:d909fcccc110f8c7faf814ca82a9a4d816bc5a6dbfea25d6591d6985b8ba59ad
httpx2==2.12.0 --hash=sha256:cc8b6eecb8661c146b8f89a60e97456ee086e91a784ed31ac450c3a9e613dd36
huggingface-hub==0.36.2 --hash=sha256:48f0c8eac16145dfce371e9d2d7772854a4f591bcb56c9cf548accf531d54270
idna==3.19 --hash=sha256:815e7be7a7806d54abb586dc943addc79e8b2ee16915059658cbeff4b1b43bf4
ijson==3.5.1 --hash=sha256:affb85eb75fa03a21d1f790bbf26a0e66e5701672062a30dc5c3c6a29c5c0a63
iniconfig==2.3.0 --hash=sha256:f631c04d2c48c52b84d0d0549c99ff3859c98df65b3101406327ecc7d53fbf12
interegular==0.3.3 --hash=sha256:b0c07007d48c89d6d19f7204972d369b2a77222722e126b6aa63aa721dc3b19c
jinja2==3.1.6 --hash=sha256:85ece4451f492d0c13c5dd7c13a64681a86afae63a5f347908daf103ce6d2f67
jiter==0.16.0 --hash=sha256:8597d23c87f59294f83bcb6229b9ed1fccee13dbba967b46930d2f1759466fee
jmespath==1.1.0 --hash=sha256:a5663118de4908c91729bea0acadca56526eb2698e83de10cd116ae0f4e97c64
jsonschema==4.26.0 --hash=sha256:d489f15263b8d200f8387e64b4c3a75f06629559fb73deb8fdfb525f2dab50ce
jsonschema-specifications==2025.9.1 --hash=sha256:98802fee3a11ee76ecaca44429fda8a41bff98b00a0f2838151b113f210cc6fe
lark==1.2.2 --hash=sha256:c2276486b02f0f1b90be155f2c8ba4a8e194d42775786db622faccd652d8e80c
llguidance==1.3.0 --hash=sha256:bc17e9dd602c3879bf91664a64bf72f54c74dbfbeb24ccfab6a5fe435b12f7aa
llvmlite==0.44.0 --hash=sha256:c5d22c3bfc842668168a786af4205ec8e3ad29fb1bc03fd11fd48460d0df64c1
lm-format-enforcer==0.11.3 --hash=sha256:cf586350875def1ae7a8fba84fcbbfc8371424b6c9d05c1fcba70aa233fbf06f
loguru==0.7.3 --hash=sha256:31a33c10c8e1e10422bfd431aeb5d351c7cf7fa671e3c4df004162264b28220c
markdown-it-py==4.2.0 --hash=sha256:9f7ebbcd14fe59494226453aed97c1070d83f8d24b6fc3a3bcf9a38092641c4a
markupsafe==3.0.3 --hash=sha256:0bf2a864d67e76e5c9a34dc26ec616a66b9888e25e7b9460e1c76d3293bd9dbf
mcp==2.0.0 --hash=sha256:1cb4c75d2d2c7b8c1d756355e5d82a39f2822cc7f13e22a2051d7ca3592349d6
mcp-types==2.0.0 --hash=sha256:6b2de797ca2797f568b79529e1b25948e34de511bcc0bd82fef1039a6d1b8eb0
mdurl==0.1.2 --hash=sha256:84008a41e51615a49fc9966191ff91509e3c40b939176e643fd50a5c2196b8f8
mistral-common==1.11.7 --hash=sha256:a9511b88eacacbe7dacddd9d3498c1739f56847b7fdddbd5a22e7844fd9def95
model-hosting-container-standards==0.1.16 --hash=sha256:47f4f65713120bc3a69feb022981a38db9e557aedf88dbd72077f20588caa12b
mpmath==1.3.0 --hash=sha256:a0b2b9fe80bbcd81a6647ff13108738cfb482d481d826cc0e02f5b35e5c88d2c
msgpack==1.2.1 --hash=sha256:a28d076ca7c82b9c8728ad90b7147489449557038bed50e4241eb832395169b4
msgspec==0.21.1 --hash=sha256:6badc03b9725352219cca017bfe71c61f2fbd0fb5982b410ac17c97c213deb30
multidict==6.7.1 --hash=sha256:439cbebd499f92e9aa6793016a8acaa161dfa749ae86d20960189f5398a19144
networkx==3.6.1 --hash=sha256:d47fbf302e7d9cbbb9e2555a0d267983d2aa476bac30e90dfbe5669bd57f3762
ninja==1.13.0 --hash=sha256:fb46acf6b93b8dd0322adc3a4945452a4e774b75b91293bafcc7b7f8e6517dfa
numba==0.61.2 --hash=sha256:3945615cd73c2c7eba2a85ccc9c1730c21cd3958bfcf5a44302abae0fb07bb60
numpy==2.2.6 --hash=sha256:ba10f8411898fc418a521833e014a77d3ca01c15b0c6cdcce6a0d2897e6dbbdf
nvidia-cublas-cu12==12.8.4.1 --hash=sha256:8ac4e771d5a348c551b2a426eda6193c19aa630236b418086020df5ba9667142
nvidia-cuda-cupti-cu12==12.8.90 --hash=sha256:ea0cb07ebda26bb9b29ba82cda34849e73c166c18162d3913575b0c9db9a6182
nvidia-cuda-nvdisasm==13.3.73 --hash=sha256:fa17084b07c0dca68a42892f771b4b1b40fbe9b91660209623e61cea611cae8c
nvidia-cuda-nvrtc-cu12==12.8.93 --hash=sha256:a7756528852ef889772a84c6cd89d41dfa74667e24cca16bb31f8f061e3e9994
nvidia-cuda-runtime-cu12==12.8.90 --hash=sha256:adade8dcbd0edf427b7204d480d6066d33902cab2a4707dcfc48a2d0fd44ab90
nvidia-cudnn-cu12==9.10.2.21 --hash=sha256:949452be657fa16687d0930933f032835951ef0892b37d2d53824d1a84dc97a8
nvidia-cudnn-frontend==1.27.0 --hash=sha256:5cf124a0fbce9c49417122ba6de903858c766e3d8690d8809372d40a0a6c9256
nvidia-cufft-cu12==11.3.3.83 --hash=sha256:4d2dd21ec0b88cf61b62e6b43564355e5222e4a3fb394cac0db101f2dd0d4f74
nvidia-cufile-cu12==1.13.1.3 --hash=sha256:1d069003be650e131b21c932ec3d8969c1715379251f8d23a1860554b1cb24fc
nvidia-curand-cu12==10.3.9.90 --hash=sha256:b32331d4f4df5d6eefa0554c565b626c7216f87a06a4f56fab27c3b68a830ec9
nvidia-cusolver-cu12==11.7.3.90 --hash=sha256:4376c11ad263152bd50ea295c05370360776f8c3427b30991df774f9fb26c450
nvidia-cusparse-cu12==12.5.8.93 --hash=sha256:1ec05d76bbbd8b61b06a80e1eaf8cf4959c3d4ce8e711b65ebd0443bb0ebb13b
nvidia-cusparselt-cu12==0.7.1 --hash=sha256:f1bb701d6b930d5a7cea44c19ceb973311500847f81b634d802b7b539dc55623
nvidia-cutlass-dsl==4.7.0 --hash=sha256:f96e35c1393a8afa9a20cada1aa08fdca16d673852f3274144e3e81693f13a14
nvidia-cutlass-dsl-libs-base==4.7.0 --hash=sha256:5c9ffa3b767de3f0987018de8a438fa0344cbac41f6d2e7e85a3f9c09c1fb194
nvidia-cutlass-dsl-libs-core==4.7.0 --hash=sha256:3c6a128ce314aca3f332eabcb0e55a2c4c3aa951e336584a7aeb2b013bed4474
nvidia-cutlass-dsl-libs-cu12==4.7.0 --hash=sha256:2b90bdcbaa8a914b01e2afd4ef01dedf4e74f27b8a411447b1bcddece0f23510
nvidia-ml-py==13.610.43 --hash=sha256:f13c72698edef492f985cc225f14faafe68ae065a2e407f45bdf6f4b9b43fde8
nvidia-nccl-cu12==2.27.5 --hash=sha256:ad730cf15cb5d25fe849c6e6ca9eb5b76db16a80f13f425ac68d8e2e55624457
nvidia-nvjitlink-cu12==12.8.93 --hash=sha256:81ff63371a7ebd6e6451970684f916be2eab07321b73c9d244dc2b4da7f73b88
nvidia-nvshmem-cu12==3.3.20 --hash=sha256:d00f26d3f9b2e3c3065be895e3059d6479ea5c638a3f38c9fec49b1b9dd7c1e5
nvidia-nvtx-cu12==12.8.90 --hash=sha256:5b17e2001cc0d751a5bc2c6ec6d26ad95913324a4adb86788c944f8ce9ba441f
openai==3.3.1 --hash=sha256:9652df7fdf8ee6f5bd58e0a12f2b1d414a18e0f06bb7a9a57c8643a5f5469bd3
openai-harmony==0.0.8 --hash=sha256:c007d277218a50db8839e599ed78e0fffe5130f614c3f6d93ae257f282071a29
opencv-python-headless==5.0.0.93 --hash=sha256:ed709fdf9aa0bd1f2ed8549e71d19449b03a675bb581eb292285f6861953be37
opentelemetry-api==1.44.0 --hash=sha256:94b98c893a91b88657eaac1e3ba89618cdb85be6918196705354f34728b2cdef
outlines-core==0.2.11 --hash=sha256:132605b8dd1e3d1369da6a851992dd357f6376068292f6bd47caa7a28b794d19
packaging==26.3 --hash=sha256:d7193f7c8e4e93f444fde0262bf90af30e16fa0ad0ad44cb553c87339b23cd1c
partial-json-parser==0.2.1.1.post7 --hash=sha256:145119e5eabcf80cbb13844a6b50a85c68bf99d376f8ed771e2a3c3b03e653ae
pillow==12.3.0 --hash=sha256:23d27a3e0307ec2244cc51e7287b919aa68d097504ebe19df4e76a98a3eea5bd
pluggy==1.6.0 --hash=sha256:e920276dd6813095e9377c0bc5566d94c932c33b27a3e3945d8389c374dd4746
prometheus-client==0.26.0 --hash=sha256:fa93d06737aa02bacd05794768508bb97d2fbee28cb3bca04eaae92f0ca953d6
prometheus-fastapi-instrumentator==8.1.0 --hash=sha256:b9f40b2cff3f7891ca0610b3ae4fc6ec723fd326b04bb659819aaeb821a0fc7d
propcache==0.5.2 --hash=sha256:5aaa2b923c1944ac8febd6609cb373540a5563e7cbcb0fd770f75dace2eb817b
protobuf==6.33.6 --hash=sha256:e9db7e292e0ab79dd108d7f1a94fe31601ce1ee3f7b79e0692043423020b0593
psutil==7.2.2 --hash=sha256:076a2d2f923fd4821644f5ba89f059523da90dc9014e85f8e45a5774ca5bc6f9
py-cpuinfo==9.0.0 --hash=sha256:859625bc251f64e21f077d099d4162689c762b5d6a4c3c97553d56241c9674d5
pybase64==1.5.0 --hash=sha256:93bc9bdfaf87dc7d79ee0182b255383b7f82a3167d0166b99330d897b59f9053
pycountry==26.2.16 --hash=sha256:115c4baf7cceaa30f59a4694d79483c9167dbce7a9de4d3d571c5f3ea77c305a
pycparser==3.0 --hash=sha256:b727414169a36b7d524c1c3e31839a521725078d7b2ff038656844266160a992
pydantic==2.13.4 --hash=sha256:45a282cde31d808236fd7ea9d919b128653c8b38b393d1c4ab335c62924d9aba
pydantic-core==2.46.4 --hash=sha256:f9fa868638bf362d3d138ea55829cefb3d5f4b0d7f142234382a15e2485dbec4
pydantic-extra-types==2.11.1 --hash=sha256:1722ea2bddae5628ace25f2aa685b69978ef533123e5638cfbddb999e0100ec1
pydantic-settings==2.15.0 --hash=sha256:0ba092c291c94baceb5eff768aa0d56400a457585bc0175925a5a5510303da42
pygments==2.21.0 --hash=sha256:2363c69b61c4a97c838da3b130dcd6468f4848992b21a82f2a63ec34377137d9
pyjwt==2.13.0 --hash=sha256:66adcc2aff09b3f1bbd95fc1e1577df8ac8723c978552fd43304c8a290ac5728
pyproject-hooks==1.2.0 --hash=sha256:9e5c6bfa8dcc30091c74b0cf803c81fdd29d94f01992a7707bc97babb1141913
pytest==8.4.2 --hash=sha256:872f880de3fc3a5bdc88a11b39c9710c3497a547cfa9320bc3c5e62fbf272e79
python-dotenv==1.2.3 --hash=sha256:904552145e8bfed22162c09dab1c2b9b54fefa7b23ba780f4f26ca0316b0f0d9
python-json-logger==4.2.0 --hash=sha256:158a52126fcd6869e09574d2b66272666f3dc8f468c62637ef9a1fa883719cb9
python-multipart==0.0.32 --hash=sha256:ff6d3f776f16878c894e52e107296ffc890e913c611b1a4ec6c44e2821fe2e23
pyyaml==6.0.3 --hash=sha256:b8bb0864c5a28024fac8a632c443c87c5aa6f215c0b126c449ae1a150412f31d
pyzmq==27.2.0 --hash=sha256:39755dc4a923021bd0677990ffdbc21cff0e1ee1cf07fe3817acea153ef4cb67
ray==2.57.0 --hash=sha256:b0cc3d435bef6e7ffe848816e7369d30ee297e88c4c1abc6323cc9383ff3826f
referencing==0.37.0 --hash=sha256:381329a9f99628c9069361716891d34ad94af76e461dcb0335825aecc7692231
regex==2026.7.19 --hash=sha256:09f3e5287f94f17b709dc9a9e70865855feee835c861613be144218ce4ca82cc
requests==2.34.2 --hash=sha256:2a0d60c172f83ac6ab31e4554906c0f3b3588d37b5cb939b1c061f4907e278e0
rich==15.0.0 --hash=sha256:33bd4ef74232fb73fe9279a257718407f169c09b78a87ad3d296f548e27de0bb
rich-toolkit==0.20.3 --hash=sha256:419aa87516d5f3849cca553c6dcf707c02a36d508fcf996946606725d34a3002
rignore==0.8.1 --hash=sha256:9869b618dc28104003292f26cad26a2d54f6a3941684f16fe9ff435b5df1b0c0
rpds-py==2026.6.3 --hash=sha256:9c1255b302953c86a486b81d330d5ee1d5bd937691ce271b6be0ef0e299eaab7
safetensors==0.8.0 --hash=sha256:fd6f3f93c9a0a7cc2788ee63fb763353d4bd2e89b0751bc78fcf7dda00bea774
scipy==1.17.1 --hash=sha256:43af8d1f3bea642559019edfe64e9b11192a8978efbd1539d7bc2aaa23d92de4
sentencepiece==0.2.2 --hash=sha256:1416b92f2f010333786fe6306ed2631121d5ea492219b0841e967b6765e64107
sentry-sdk==2.68.0 --hash=sha256:538e56c2d03679d42f7c0cb5f1af73a7a510b00abc7e296c13ac49b107b713a4
setproctitle==1.3.7 --hash=sha256:1607b963e7b53e24ec8a2cb4e0ab3ae591d7c6bf0a160feef0551da63452b37f
setuptools==80.10.2 --hash=sha256:95b30ddfb717250edb492926c92b5221f7ef3fbcc2b07579bcd4a27da21d0173
setuptools-scm==10.2.1 --hash=sha256:b7c82f4102d389ee57dc66ccdb4f9b4bca3c40ba83b43f1f63d68ccd72db2580
shellingham==1.5.4 --hash=sha256:7ecfff8f2fd72616f7481040475a65b2bf8af90a56c89140852d1120324e8686
sniffio==1.3.1 --hash=sha256:2f6da418d1f1e0fddd844478f41680e794e6051915791a034ff65e5f100525a2
sse-starlette==3.4.8 --hash=sha256:6e82314c786709a3cd9520f2285cf9fff90e181e598e8a357b0cf80f66afba0d
starlette==1.6.0 --hash=sha256:a86dd39d14bb45f85a3d18525215a9ef0cfd1f192ac793220e72598c90335f0c
supervisor==4.3.0 --hash=sha256:0bcb763fddafba410f35cbde226aa7f8514b9fb82eb05a0c85f6588d1c13f8db
sympy==1.14.0 --hash=sha256:e091cc3e99d2141a0ba2847328f5479b05d94a6635cb96148ccb3f34671bd8f5
tabulate==0.10.0 --hash=sha256:f0b0622e567335c8fabaaa659f1b33bcb6ddfe2e496071b743aa113f8774f2d3
tiktoken==0.14.0 --hash=sha256:f5e7665f6624e052e5e7f6a36919ab69279decdc976d7b16b4fa15e1897d0513
tokenizers==0.22.2 --hash=sha256:369cc9fc8cc10cb24143873a0d95438bb8ee257bb80c71989e3ee290e8d72c67
torch==2.9.0 --hash=sha256:51de31219c97c51cf4bf2be94d622e3deb5dcc526c6dc00e97c17eaec0fc1d67
torchaudio==2.9.0 --hash=sha256:86b15ce1d74814d5ca14bfac0d3b33f325c8cac4a6f09dcc5b82748133a96792
torchvision==0.24.0 --hash=sha256:78fe414b3bb6dbf7e6f6da6f733ba96881f6b29a9b997228de7c5f603e5ed940
tqdm==4.70.0 --hash=sha256:7f585706bfddbdebf89daac705b2dfcc16890130727d3197ca62c732b4310953
transformers==4.57.6 --hash=sha256:4c9e9de11333ddfe5114bc872c9f370509198acf0b87a832a0ab9458e2bd0550
triton==3.5.0 --hash=sha256:f34bfa21c5b3a203c0f0eab28dcc1e49bd1f67d22724e77fb6665a659200a4ec
truststore==0.10.4 --hash=sha256:adaeaecf1cbb5f4de3b1959b42d41f6fab57b2b1666adb59e89cb0b53361d981
typer==0.27.1 --hash=sha256:53150287edd11baeb4e4722c8e394fcdf8181c0ae89485cba8d25c778d5edd56
typing-extensions==4.16.0 --hash=sha256:481caa481374e813c1b176ada14e97f1f67a4539ce9cfeb3f350d78d6370c2e8
typing-inspection==0.4.4 --hash=sha256:65b8397ba37ccbce054456aaccddfc91e6e3083c92824df348d96ca832f3f147
urllib3==2.7.0 --hash=sha256:9fb4c81ebbb1ce9531cce37674bbc6f1360472bc18ca9a553ede278ef7276897
uvicorn==0.52.4 --hash=sha256:f86e41a149d7d05a9969337e3946a9c171c06a5d42680896daaba624aeac8da1
uvloop==0.22.1 --hash=sha256:56a2d1fae65fd82197cb8c53c367310b3eabe1bbb9fb5a04d28e3e3520e4f702
vcs-versioning==2.3.1 --hash=sha256:a11299394e101569a62ab061375260d08bc56cd33d685b7067d85312368f4457
watchfiles==1.2.0 --hash=sha256:a711b51aec4370d0dcda5b6c09463206f133a5759341d7744b953a7b62e1100e
websockets==17.0.1 --hash=sha256:d41e9845514754a42d1d83b2fca9d27fee2ca7b3b0bee6843ba5a9bb2b6e25ac
wheel==0.48.0 --hash=sha256:3217dcc807155e45db462d7ef2431f5ddda0d7273b700d05a67b271ceb1287ab
xgrammar==0.1.27 --hash=sha256:02fe3b137d041649b8f7a180a0aa7f3466d47579ce4e9fbdb77208b59621b2ab
yarl==1.24.5 --hash=sha256:570fec8fbd22b032733625f03f10b7ff023bc399213db15e72a7acaef28c2f4e
